
Microsoft Visual Studio Solution File, Format Version 12.00
# Visual Studio Version 17
VisualStudioVersion = 17.0.31903.59
MinimumVisualStudioVersion = 10.0.40219.1
Project("{FAE04EC0-301F-11D3-BF4B-00C04F79EFBC}") = "FindNLSString.Example", "FindNLSString.Example\FindNLSString.Example.csproj", "{0712FF4F-22A3-4CE0-8CC6-5D81A2902D5D}"
EndProject
Global
	GlobalSection(SolutionConfigurationPlatforms) = preSolution
		Debug|Any CPU = Debug|Any CPU
		Release|Any CPU = Release|Any CPU
	EndGlobalSection
	GlobalSection(ProjectConfigurationPlatforms) = postSolution
		{0712FF4F-22A3-4CE0-8CC6-5D81A2902D5D}.Debug|Any CPU.ActiveCfg = Debug|Any CPU
		{0712FF4F-22A3-4CE0-8CC6-5D81A2902D5D}.Debug|Any CPU.Build.0 = Debug|Any CPU
		{0712FF4F-22A3-4CE0-8CC6-5D81A2902D5D}.Release|Any CPU.ActiveCfg = Release|Any CPU
		{0712FF4F-22A3-4CE0-8CC6-5D81A2902D5D}.Release|Any CPU.Build.0 = Release|Any CPU
	EndGlobalSection
	GlobalSection(SolutionProperties) = preSolution
		HideSolutionNode = FALSE
	EndGlobalSection
	GlobalSection(ExtensibilityGlobals) = postSolution
		SolutionGuid = {615FE59F-2170-4140-B396-E94BA82650DE}
	EndGlobalSection
EndGlobal
